
Microsoft Visual Studio Solution File, Format Version 12.00
# Visual Studio Version 16
VisualStudioVersion = 16.0.30503.244
MinimumVisualStudioVersion = 10.0.40219.1
Project("{8BC9CEB8-8B4A-11D0-8D11-00A0C91BC942}") = "perf_dll", "perf_dll\perf_dll.vcxproj", "{7C1643FE-2CB8-4C0B-AA44-0C8B38270361}"
EndProject
Global
	GlobalSection(SolutionConfigurationPlatforms) = preSolution
		Debug|x64 = Debug|x64
		Debug|x86 = Debug|x86
		Release|x64 = Release|x64
		Release|x86 = Release|x86
	EndGlobalSection
	GlobalSection(ProjectConfigurationPlatforms) = postSolution
		{7C1643FE-2CB8-4C0B-AA44-0C8B38270361}.Debug|x64.ActiveCfg = Debug|x64
		{7C1643FE-2CB8-4C0B-AA44-0C8B38270361}.Debug|x64.Build.0 = Debug|x64
		{7C1643FE-2CB8-4C0B-AA44-0C8B38270361}.Debug|x86.ActiveCfg = Debug|Win32
		{7C1643FE-2CB8-4C0B-AA44-0C8B38270361}.Debug|x86.Build.0 = Debug|Win32
		{7C1643FE-2CB8-4C0B-AA44-0C8B38270361}.Release|x64.ActiveCfg = Release|x64
		{7C1643FE-2CB8-4C0B-AA44-0C8B38270361}.Release|x64.Build.0 = Release|x64
		{7C1643FE-2CB8-4C0B-AA44-0C8B38270361}.Release|x86.ActiveCfg = Release|Win32
		{7C1643FE-2CB8-4C0B-AA44-0C8B38270361}.Release|x86.Build.0 = Release|Win32
	EndGlobalSection
	GlobalSection(SolutionProperties) = preSolution
		HideSolutionNode = FALSE
	EndGlobalSection
	GlobalSection(ExtensibilityGlobals) = postSolution
		SolutionGuid = {1DE19054-3B7E-405B-9A13-2666CD2AD7CA}
	EndGlobalSection
EndGlobal
